{
  "name": "eartrainer",
  "lockfileVersion": 2,
  "requires": true,
  "packages": {
    "": {
      "dependencies": {
        "@jasonfleischer/piano": "^1.0.6"
      }
    },
    "node_modules/@jasonfleischer/log": {
      "version": "1.0.8",
      "resolved": "https://registry.npmjs.org/@jasonfleischer/log/-/log-1.0.8.tgz",
      "integrity": "sha512-P+CKYOlwVISgn0GMHBW7udf1spZ5Ins6YBDJO/Lu6LdEZj2WPawyv6t3SudstjNimHX6yKav+RLsc88pSVzehQ==",
      "funding": {
        "type": "individual",
        "url": "https://ko-fi.com/jasonfleischer"
      }
    },
    "node_modules/@jasonfleischer/music-model-kit": {
      "version": "1.0.3",
      "resolved": "https://registry.npmjs.org/@jasonfleischer/music-model-kit/-/music-model-kit-1.0.3.tgz",
      "integrity": "sha512-kTC9UiVeQD9F1zMteXpz7MQ9ySc5DoBPqJ0GkbVIYF+2HREKtRA6DzpdyqY3AFSdICyYnPo7NsiOuI7lH/dbaw=="
    },
    "node_modules/@jasonfleischer/piano": {
      "version": "1.0.6",
      "resolved": "https://registry.npmjs.org/@jasonfleischer/piano/-/piano-1.0.6.tgz",
      "integrity": "sha512-L1IQ2WqjKweI1QHd2qd5f6f0NNJzLtXKuk3JCdohYkfdKpUAYnKH/5HOqFcUvHMwhcZsVAicZTg1xnxH21ojKg==",
      "dependencies": {
        "@jasonfleischer/log": "^1.0.1",
        "@jasonfleischer/music-model-kit": "^1.0.1"
      },
      "funding": {
        "type": "individual",
        "url": "https://ko-fi.com/jasonfleischer"
      }
    }
  },
  "dependencies": {
    "@jasonfleischer/log": {
      "version": "1.0.8",
      "resolved": "https://registry.npmjs.org/@jasonfleischer/log/-/log-1.0.8.tgz",
      "integrity": "sha512-P+CKYOlwVISgn0GMHBW7udf1spZ5Ins6YBDJO/Lu6LdEZj2WPawyv6t3SudstjNimHX6yKav+RLsc88pSVzehQ=="
    },
    "@jasonfleischer/music-model-kit": {
      "version": "1.0.3",
      "resolved": "https://registry.npmjs.org/@jasonfleischer/music-model-kit/-/music-model-kit-1.0.3.tgz",
      "integrity": "sha512-kTC9UiVeQD9F1zMteXpz7MQ9ySc5DoBPqJ0GkbVIYF+2HREKtRA6DzpdyqY3AFSdICyYnPo7NsiOuI7lH/dbaw=="
    },
    "@jasonfleischer/piano": {
      "version": "1.0.6",
      "resolved": "https://registry.npmjs.org/@jasonfleischer/piano/-/piano-1.0.6.tgz",
      "integrity": "sha512-L1IQ2WqjKweI1QHd2qd5f6f0NNJzLtXKuk3JCdohYkfdKpUAYnKH/5HOqFcUvHMwhcZsVAicZTg1xnxH21ojKg==",
      "requires": {
        "@jasonfleischer/log": "^1.0.1",
        "@jasonfleischer/music-model-kit": "^1.0.1"
      }
    }
  }
}
